
Microsoft Visual Studio Solution File, Format Version 12.00
# Visual Studio Version 17
VisualStudioVersion = 17.11.35219.272
MinimumVisualStudioVersion = 10.0.40219.1
Project("{FAE04EC0-301F-11D3-BF4B-00C04F79EFBC}") = "EjemploClase1", "EjemploClase1\EjemploClase1.csproj", "{4CADB23B-ACC0-4EA9-AF5D-467F342F1651}"
EndProject
Global
	GlobalSection(SolutionConfigurationPlatforms) = preSolution
		Debug|Any CPU = Debug|Any CPU
		Release|Any CPU = Release|Any CPU
	EndGlobalSection
	GlobalSection(ProjectConfigurationPlatforms) = postSolution
		{4CADB23B-ACC0-4EA9-AF5D-467F342F1651}.Debug|Any CPU.ActiveCfg = Debug|Any CPU
		{4CADB23B-ACC0-4EA9-AF5D-467F342F1651}.Debug|Any CPU.Build.0 = Debug|Any CPU
		{4CADB23B-ACC0-4EA9-AF5D-467F342F1651}.Release|Any CPU.ActiveCfg = Release|Any CPU
		{4CADB23B-ACC0-4EA9-AF5D-467F342F1651}.Release|Any CPU.Build.0 = Release|Any CPU
	EndGlobalSection
	GlobalSection(SolutionProperties) = preSolution
		HideSolutionNode = FALSE
	EndGlobalSection
	GlobalSection(ExtensibilityGlobals) = postSolution
		SolutionGuid = {FF0B5C08-5379-4485-B6C0-A97F0C6CEA33}
	EndGlobalSection
EndGlobal
